// !$*UTF8*$!
{
	archiveVersion = 1;
	classes = {
	};
	objectVersion = 50;
	objects = {

/* Begin PBXBuildFile section */
		571D84392609E92100EBA2A1 /* FestivalInformationsMenuVM.swift in Sources */ = {isa = PBXBuildFile; fileRef = 571D84382609E92100EBA2A1 /* FestivalInformationsMenuVM.swift */; };
		571D843C2609E99C00EBA2A1 /* Festival.swift in Sources */ = {isa = PBXBuildFile; fileRef = 571D843B2609E99C00EBA2A1 /* Festival.swift */; };
		571D843F2609EBE100EBA2A1 /* ListeJeuxZoneVM.swift in Sources */ = {isa = PBXBuildFile; fileRef = 571D843E2609EBE100EBA2A1 /* ListeJeuxZoneVM.swift */; };
		571D84422609EBF200EBA2A1 /* DetailsJeuZoneVM.swift in Sources */ = {isa = PBXBuildFile; fileRef = 571D84412609EBF200EBA2A1 /* DetailsJeuZoneVM.swift */; };
		571D84452609EC0500EBA2A1 /* ListeJeuxEditeurVM.swift in Sources */ = {isa = PBXBuildFile; fileRef = 571D84442609EC0500EBA2A1 /* ListeJeuxEditeurVM.swift */; };
		571D84482609EC1600EBA2A1 /* DetailsJeuEditeurVM.swift in Sources */ = {isa = PBXBuildFile; fileRef = 571D84472609EC1600EBA2A1 /* DetailsJeuEditeurVM.swift */; };
		571D844B2609EC3000EBA2A1 /* ListeJeuxFestivalVM.swift in Sources */ = {isa = PBXBuildFile; fileRef = 571D844A2609EC3000EBA2A1 /* ListeJeuxFestivalVM.swift */; };
		571D844E2609EC3F00EBA2A1 /* DetailsJeuFestivalVM.swift in Sources */ = {isa = PBXBuildFile; fileRef = 571D844D2609EC3F00EBA2A1 /* DetailsJeuFestivalVM.swift */; };
		575581C926159EFE00A2EC47 /* ZoneVM.swift in Sources */ = {isa = PBXBuildFile; fileRef = 575581C826159EFE00A2EC47 /* ZoneVM.swift */; };
		575581CC2615B0C600A2EC47 /* FestivalVM.swift in Sources */ = {isa = PBXBuildFile; fileRef = 575581CB2615B0C600A2EC47 /* FestivalVM.swift */; };
		575581CF2615B57E00A2EC47 /* ListeJeuxZone.swift in Sources */ = {isa = PBXBuildFile; fileRef = 575581CE2615B57E00A2EC47 /* ListeJeuxZone.swift */; };
		575581D22615C3AE00A2EC47 /* ListeJeuxFestival.swift in Sources */ = {isa = PBXBuildFile; fileRef = 575581D12615C3AE00A2EC47 /* ListeJeuxFestival.swift */; };
		575581D52615C64200A2EC47 /* ListeJeuxEditeur.swift in Sources */ = {isa = PBXBuildFile; fileRef = 575581D42615C64200A2EC47 /* ListeJeuxEditeur.swift */; };
		575581DB2615E08600A2EC47 /* ListeJeuxFestivalIntent.swift in Sources */ = {isa = PBXBuildFile; fileRef = 575581DA2615E08600A2EC47 /* ListeJeuxFestivalIntent.swift */; };
		575581E42616254400A2EC47 /* FestivalIntent.swift in Sources */ = {isa = PBXBuildFile; fileRef = 575581E32616254400A2EC47 /* FestivalIntent.swift */; };
		575581E82616497100A2EC47 /* ListeJeuxEditeurIntent.swift in Sources */ = {isa = PBXBuildFile; fileRef = 575581E72616497100A2EC47 /* ListeJeuxEditeurIntent.swift */; };
		575581F0261654CB00A2EC47 /* ListeEditeurView.swift in Sources */ = {isa = PBXBuildFile; fileRef = 575581EF261654CB00A2EC47 /* ListeEditeurView.swift */; };
		5774D8CC2607DA4400954FE2 /* ListeJeuxFestivalView.swift in Sources */ = {isa = PBXBuildFile; fileRef = 5774D8CB2607DA4400954FE2 /* ListeJeuxFestivalView.swift */; };
		5774D8CF2607DA6100954FE2 /* ListeJeuxEditeurView.swift in Sources */ = {isa = PBXBuildFile; fileRef = 5774D8CE2607DA6100954FE2 /* ListeJeuxEditeurView.swift */; };
		5774D8D22607DA7400954FE2 /* ListeJeuxZoneView.swift in Sources */ = {isa = PBXBuildFile; fileRef = 5774D8D12607DA7400954FE2 /* ListeJeuxZoneView.swift */; };
		5774D8D62607DAA100954FE2 /* FestivalInformationsMenu.swift in Sources */ = {isa = PBXBuildFile; fileRef = 5774D8D52607DAA100954FE2 /* FestivalInformationsMenu.swift */; };
		5774D8DA2607E6BF00954FE2 /* Jeu.swift in Sources */ = {isa = PBXBuildFile; fileRef = 5774D8D92607E6BF00954FE2 /* Jeu.swift */; };
		5774D8DF2607E75700954FE2 /* DetailsJeuFestivalView.swift in Sources */ = {isa = PBXBuildFile; fileRef = 5774D8DE2607E75700954FE2 /* DetailsJeuFestivalView.swift */; };
		5774D8E32607E78100954FE2 /* DetailsJeuEditeurView.swift in Sources */ = {isa = PBXBuildFile; fileRef = 5774D8E22607E78100954FE2 /* DetailsJeuEditeurView.swift */; };
		5774D8E62607E79100954FE2 /* DetailsJeuZoneView.swift in Sources */ = {isa = PBXBuildFile; fileRef = 5774D8E52607E79100954FE2 /* DetailsJeuZoneView.swift */; };
		577500BF2614ABB600D94344 /* Zone.swift in Sources */ = {isa = PBXBuildFile; fileRef = 577500BE2614ABB600D94344 /* Zone.swift */; };
		577500C22614B11200D94344 /* Editeur.swift in Sources */ = {isa = PBXBuildFile; fileRef = 577500C12614B11200D94344 /* Editeur.swift */; };
		577500C52615168500D94344 /* LoadData.swift in Sources */ = {isa = PBXBuildFile; fileRef = 577500C42615168500D94344 /* LoadData.swift */; };
		577500C9261518C800D94344 /* JeuVM.swift in Sources */ = {isa = PBXBuildFile; fileRef = 577500C8261518C800D94344 /* JeuVM.swift */; };
		577500CC26151A3A00D94344 /* EditeurVM.swift in Sources */ = {isa = PBXBuildFile; fileRef = 577500CB26151A3A00D94344 /* EditeurVM.swift */; };
		577500D226151DC300D94344 /* ListeJeuxZoneIntent.swift in Sources */ = {isa = PBXBuildFile; fileRef = 577500D126151DC300D94344 /* ListeJeuxZoneIntent.swift */; };
		57B2F545260764F400CA9233 /* Festival_des_jeuxApp.swift in Sources */ = {isa = PBXBuildFile; fileRef = 57B2F544260764F400CA9233 /* Festival_des_jeuxApp.swift */; };
		57B2F547260764F400CA9233 /* ContentView.swift in Sources */ = {isa = PBXBuildFile; fileRef = 57B2F546260764F400CA9233 /* ContentView.swift */; };
		57B2F549260764F500CA9233 /* Assets.xcassets in Resources */ = {isa = PBXBuildFile; fileRef = 57B2F548260764F500CA9233 /* Assets.xcassets */; };
		57B2F54C260764F500CA9233 /* Preview Assets.xcassets in Resources */ = {isa = PBXBuildFile; fileRef = 57B2F54B260764F500CA9233 /* Preview Assets.xcassets */; };
		57B2F55A26076B8C00CA9233 /* User.swift in Sources */ = {isa = PBXBuildFile; fileRef = 57B2F55926076B8C00CA9233 /* User.swift */; };
		57B2F55E26076FDF00CA9233 /* LoginView.swift in Sources */ = {isa = PBXBuildFile; fileRef = 57B2F55D26076FDF00CA9233 /* LoginView.swift */; };
		57B2F5642607746200CA9233 /* SearchBar.swift in Sources */ = {isa = PBXBuildFile; fileRef = 57B2F5632607746200CA9233 /* SearchBar.swift */; };
		57D865EF260B7CA9002C422C /* MainView.swift in Sources */ = {isa = PBXBuildFile; fileRef = 57D865EE260B7CA9002C422C /* MainView.swift */; };
		7C2EAA9C261466B6007B7D5C /* SearchJeuxViewIntent.swift in Sources */ = {isa = PBXBuildFile; fileRef = 7C2EAA9B261466B6007B7D5C /* SearchJeuxViewIntent.swift */; };
		7C2EAAA126147067007B7D5C /* InOutHelper.swift in Sources */ = {isa = PBXBuildFile; fileRef = 7C2EAAA026147067007B7D5C /* InOutHelper.swift */; };
		7C8E21CD260C91C8004DCDE6 /* CarouselView.swift in Sources */ = {isa = PBXBuildFile; fileRef = 7C8E21CC260C91C8004DCDE6 /* CarouselView.swift */; };
/* End PBXBuildFile section */

/* Begin PBXFileReference section */
		571D84382609E92100EBA2A1 /* FestivalInformationsMenuVM.swift */ = {isa = PBXFileReference; lastKnownFileType = sourcecode.swift; path = FestivalInformationsMenuVM.swift; sourceTree = "<group>"; };
		571D843B2609E99C00EBA2A1 /* Festival.swift */ = {isa = PBXFileReference; lastKnownFileType = sourcecode.swift; path = Festival.swift; sourceTree = "<group>"; };
		571D843E2609EBE100EBA2A1 /* ListeJeuxZoneVM.swift */ = {isa = PBXFileReference; lastKnownFileType = sourcecode.swift; path = ListeJeuxZoneVM.swift; sourceTree = "<group>"; };
		571D84412609EBF200EBA2A1 /* DetailsJeuZoneVM.swift */ = {isa = PBXFileReference; lastKnownFileType = sourcecode.swift; path = DetailsJeuZoneVM.swift; sourceTree = "<group>"; };
		571D84442609EC0500EBA2A1 /* ListeJeuxEditeurVM.swift */ = {isa = PBXFileReference; lastKnownFileType = sourcecode.swift; path = ListeJeuxEditeurVM.swift; sourceTree = "<group>"; };
		571D84472609EC1600EBA2A1 /* DetailsJeuEditeurVM.swift */ = {isa = PBXFileReference; lastKnownFileType = sourcecode.swift; path = DetailsJeuEditeurVM.swift; sourceTree = "<group>"; };
		571D844A2609EC3000EBA2A1 /* ListeJeuxFestivalVM.swift */ = {isa = PBXFileReference; lastKnownFileType = sourcecode.swift; path = ListeJeuxFestivalVM.swift; sourceTree = "<group>"; };
		571D844D2609EC3F00EBA2A1 /* DetailsJeuFestivalVM.swift */ = {isa = PBXFileReference; lastKnownFileType = sourcecode.swift; path = DetailsJeuFestivalVM.swift; sourceTree = "<group>"; };
		575581C826159EFE00A2EC47 /* ZoneVM.swift */ = {isa = PBXFileReference; lastKnownFileType = sourcecode.swift; path = ZoneVM.swift; sourceTree = "<group>"; };
		575581CB2615B0C600A2EC47 /* FestivalVM.swift */ = {isa = PBXFileReference; lastKnownFileType = sourcecode.swift; path = FestivalVM.swift; sourceTree = "<group>"; };
		575581CE2615B57E00A2EC47 /* ListeJeuxZone.swift */ = {isa = PBXFileReference; lastKnownFileType = sourcecode.swift; path = ListeJeuxZone.swift; sourceTree = "<group>"; };
		575581D12615C3AE00A2EC47 /* ListeJeuxFestival.swift */ = {isa = PBXFileReference; lastKnownFileType = sourcecode.swift; path = ListeJeuxFestival.swift; sourceTree = "<group>"; };
		575581D42615C64200A2EC47 /* ListeJeuxEditeur.swift */ = {isa = PBXFileReference; lastKnownFileType = sourcecode.swift; path = ListeJeuxEditeur.swift; sourceTree = "<group>"; };
		575581DA2615E08600A2EC47 /* ListeJeuxFestivalIntent.swift */ = {isa = PBXFileReference; lastKnownFileType = sourcecode.swift; path = ListeJeuxFestivalIntent.swift; sourceTree = "<group>"; };
		575581E32616254400A2EC47 /* FestivalIntent.swift */ = {isa = PBXFileReference; lastKnownFileType = sourcecode.swift; path = FestivalIntent.swift; sourceTree = "<group>"; };
		575581E72616497100A2EC47 /* ListeJeuxEditeurIntent.swift */ = {isa = PBXFileReference; lastKnownFileType = sourcecode.swift; path = ListeJeuxEditeurIntent.swift; sourceTree = "<group>"; };
		575581EF261654CB00A2EC47 /* ListeEditeurView.swift */ = {isa = PBXFileReference; lastKnownFileType = sourcecode.swift; path = ListeEditeurView.swift; sourceTree = "<group>"; };
		5774D8CB2607DA4400954FE2 /* ListeJeuxFestivalView.swift */ = {isa = PBXFileReference; lastKnownFileType = sourcecode.swift; path = ListeJeuxFestivalView.swift; sourceTree = "<group>"; };
		5774D8CE2607DA6100954FE2 /* ListeJeuxEditeurView.swift */ = {isa = PBXFileReference; lastKnownFileType = sourcecode.swift; path = ListeJeuxEditeurView.swift; sourceTree = "<group>"; };
		5774D8D12607DA7400954FE2 /* ListeJeuxZoneView.swift */ = {isa = PBXFileReference; lastKnownFileType = sourcecode.swift; path = ListeJeuxZoneView.swift; sourceTree = "<group>"; };
		5774D8D52607DAA100954FE2 /* FestivalInformationsMenu.swift */ = {isa = PBXFileReference; lastKnownFileType = sourcecode.swift; path = FestivalInformationsMenu.swift; sourceTree = "<group>"; };
		5774D8D92607E6BF00954FE2 /* Jeu.swift */ = {isa = PBXFileReference; lastKnownFileType = sourcecode.swift; path = Jeu.swift; sourceTree = "<group>"; };
		5774D8DE2607E75700954FE2 /* DetailsJeuFestivalView.swift */ = {isa = PBXFileReference; lastKnownFileType = sourcecode.swift; path = DetailsJeuFestivalView.swift; sourceTree = "<group>"; };
		5774D8E22607E78100954FE2 /* DetailsJeuEditeurView.swift */ = {isa = PBXFileReference; lastKnownFileType = sourcecode.swift; path = DetailsJeuEditeurView.swift; sourceTree = "<group>"; };
		5774D8E52607E79100954FE2 /* DetailsJeuZoneView.swift */ = {isa = PBXFileReference; lastKnownFileType = sourcecode.swift; path = DetailsJeuZoneView.swift; sourceTree = "<group>"; };
		577500BE2614ABB600D94344 /* Zone.swift */ = {isa = PBXFileReference; lastKnownFileType = sourcecode.swift; path = Zone.swift; sourceTree = "<group>"; };
		577500C12614B11200D94344 /* Editeur.swift */ = {isa = PBXFileReference; lastKnownFileType = sourcecode.swift; path = Editeur.swift; sourceTree = "<group>"; };
		577500C42615168500D94344 /* LoadData.swift */ = {isa = PBXFileReference; lastKnownFileType = sourcecode.swift; path = LoadData.swift; sourceTree = "<group>"; };
		577500C8261518C800D94344 /* JeuVM.swift */ = {isa = PBXFileReference; lastKnownFileType = sourcecode.swift; path = JeuVM.swift; sourceTree = "<group>"; };
		577500CB26151A3A00D94344 /* EditeurVM.swift */ = {isa = PBXFileReference; lastKnownFileType = sourcecode.swift; path = EditeurVM.swift; sourceTree = "<group>"; };
		577500D126151DC300D94344 /* ListeJeuxZoneIntent.swift */ = {isa = PBXFileReference; lastKnownFileType = sourcecode.swift; path = ListeJeuxZoneIntent.swift; sourceTree = "<group>"; };
		57B2F541260764F400CA9233 /* Festival_des_jeux.app */ = {isa = PBXFileReference; explicitFileType = wrapper.application; includeInIndex = 0; path = Festival_des_jeux.app; sourceTree = BUILT_PRODUCTS_DIR; };
		57B2F544260764F400CA9233 /* Festival_des_jeuxApp.swift */ = {isa = PBXFileReference; lastKnownFileType = sourcecode.swift; path = Festival_des_jeuxApp.swift; sourceTree = "<group>"; };
		57B2F546260764F400CA9233 /* ContentView.swift */ = {isa = PBXFileReference; lastKnownFileType = sourcecode.swift; path = ContentView.swift; sourceTree = "<group>"; };
		57B2F548260764F500CA9233 /* Assets.xcassets */ = {isa = PBXFileReference; lastKnownFileType = folder.assetcatalog; path = Assets.xcassets; sourceTree = "<group>"; };
		57B2F54B260764F500CA9233 /* Preview Assets.xcassets */ = {isa = PBXFileReference; lastKnownFileType = folder.assetcatalog; path = "Preview Assets.xcassets"; sourceTree = "<group>"; };
		57B2F54D260764F500CA9233 /* Info.plist */ = {isa = PBXFileReference; lastKnownFileType = text.plist.xml; path = Info.plist; sourceTree = "<group>"; };
		57B2F55926076B8C00CA9233 /* User.swift */ = {isa = PBXFileReference; lastKnownFileType = sourcecode.swift; path = User.swift; sourceTree = "<group>"; };
		57B2F55D26076FDF00CA9233 /* LoginView.swift */ = {isa = PBXFileReference; lastKnownFileType = sourcecode.swift; path = LoginView.swift; sourceTree = "<group>"; };
		57B2F5632607746200CA9233 /* SearchBar.swift */ = {isa = PBXFileReference; lastKnownFileType = sourcecode.swift; path = SearchBar.swift; sourceTree = "<group>"; };
		57D865EE260B7CA9002C422C /* MainView.swift */ = {isa = PBXFileReference; lastKnownFileType = sourcecode.swift; path = MainView.swift; sourceTree = "<group>"; };
		7C2EAA9B261466B6007B7D5C /* SearchJeuxViewIntent.swift */ = {isa = PBXFileReference; lastKnownFileType = sourcecode.swift; name = SearchJeuxViewIntent.swift; path = Festival_des_jeux/SearchJeuxViewIntent.swift; sourceTree = SOURCE_ROOT; };
		7C2EAAA026147067007B7D5C /* InOutHelper.swift */ = {isa = PBXFileReference; lastKnownFileType = sourcecode.swift; path = InOutHelper.swift; sourceTree = "<group>"; };
		7C8E21CC260C91C8004DCDE6 /* CarouselView.swift */ = {isa = PBXFileReference; lastKnownFileType = sourcecode.swift; path = CarouselView.swift; sourceTree = "<group>"; };
/* End PBXFileReference section */

/* Begin PBXFrameworksBuildPhase section */
		57B2F53E260764F400CA9233 /* Frameworks */ = {
			isa = PBXFrameworksBuildPhase;
			buildActionMask = 2147483647;
			files = (
			);
			runOnlyForDeploymentPostprocessing = 0;
		};
/* End PBXFrameworksBuildPhase section */

/* Begin PBXGroup section */
		571D84302609E8A700EBA2A1 /* festival */ = {
			isa = PBXGroup;
			children = (
				571D844A2609EC3000EBA2A1 /* ListeJeuxFestivalVM.swift */,
				571D844D2609EC3F00EBA2A1 /* DetailsJeuFestivalVM.swift */,
				575581CB2615B0C600A2EC47 /* FestivalVM.swift */,
			);
			name = festival;
			sourceTree = "<group>";
		};
		571D84312609E8B200EBA2A1 /* editeur */ = {
			isa = PBXGroup;
			children = (
				571D84442609EC0500EBA2A1 /* ListeJeuxEditeurVM.swift */,
				571D84472609EC1600EBA2A1 /* DetailsJeuEditeurVM.swift */,
				577500CB26151A3A00D94344 /* EditeurVM.swift */,
			);
			name = editeur;
			sourceTree = "<group>";
		};
		571D84322609E8B900EBA2A1 /* zone */ = {
			isa = PBXGroup;
			children = (
				571D843E2609EBE100EBA2A1 /* ListeJeuxZoneVM.swift */,
				571D84412609EBF200EBA2A1 /* DetailsJeuZoneVM.swift */,
				575581C826159EFE00A2EC47 /* ZoneVM.swift */,
			);
			name = zone;
			sourceTree = "<group>";
		};
		571D84332609E8C200EBA2A1 /* menu */ = {
			isa = PBXGroup;
			children = (
				571D84382609E92100EBA2A1 /* FestivalInformationsMenuVM.swift */,
			);
			name = menu;
			sourceTree = "<group>";
		};
		5774D8C926079CDC00954FE2 /* festival */ = {
			isa = PBXGroup;
			children = (
				5774D8CB2607DA4400954FE2 /* ListeJeuxFestivalView.swift */,
				5774D8DE2607E75700954FE2 /* DetailsJeuFestivalView.swift */,
			);
			path = festival;
			sourceTree = "<group>";
		};
		5774D8D42607DA8900954FE2 /* Menu */ = {
			isa = PBXGroup;
			children = (
				5774D8D52607DAA100954FE2 /* FestivalInformationsMenu.swift */,
			);
			path = Menu;
			sourceTree = "<group>";
		};
		5774D8DC2607E72500954FE2 /* Editeur */ = {
			isa = PBXGroup;
			children = (
				5774D8CE2607DA6100954FE2 /* ListeJeuxEditeurView.swift */,
				5774D8E22607E78100954FE2 /* DetailsJeuEditeurView.swift */,
				575581EF261654CB00A2EC47 /* ListeEditeurView.swift */,
			);
			path = Editeur;
			sourceTree = "<group>";
		};
		5774D8DD2607E72E00954FE2 /* Zone */ = {
			isa = PBXGroup;
			children = (
				5774D8D12607DA7400954FE2 /* ListeJeuxZoneView.swift */,
				5774D8E52607E79100954FE2 /* DetailsJeuZoneView.swift */,
			);
			path = Zone;
			sourceTree = "<group>";
		};
		577500C7261518B200D94344 /* jeu */ = {
			isa = PBXGroup;
			children = (
				577500C8261518C800D94344 /* JeuVM.swift */,
			);
			name = jeu;
			sourceTree = "<group>";
		};
		577500CE26151D9800D94344 /* festival */ = {
			isa = PBXGroup;
			children = (
				575581DA2615E08600A2EC47 /* ListeJeuxFestivalIntent.swift */,
				575581E32616254400A2EC47 /* FestivalIntent.swift */,
			);
			path = festival;
			sourceTree = "<group>";
		};
		577500CF26151DA000D94344 /* editeur */ = {
			isa = PBXGroup;
			children = (
				575581E72616497100A2EC47 /* ListeJeuxEditeurIntent.swift */,
			);
			path = editeur;
			sourceTree = "<group>";
		};
		577500D026151DA700D94344 /* zone */ = {
			isa = PBXGroup;
			children = (
				577500D126151DC300D94344 /* ListeJeuxZoneIntent.swift */,
			);
			path = zone;
			sourceTree = "<group>";
		};
		57B2F538260764F400CA9233 = {
			isa = PBXGroup;
			children = (
				57B2F543260764F400CA9233 /* Festival_des_jeux */,
				57B2F542260764F400CA9233 /* Products */,
			);
			sourceTree = "<group>";
		};
		57B2F542260764F400CA9233 /* Products */ = {
			isa = PBXGroup;
			children = (
				57B2F541260764F400CA9233 /* Festival_des_jeux.app */,
			);
			name = Products;
			sourceTree = "<group>";
		};
		57B2F543260764F400CA9233 /* Festival_des_jeux */ = {
			isa = PBXGroup;
			children = (
				7C2EAA9F26147055007B7D5C /* Helper */,
				57B2F5602607712700CA9233 /* Intent */,
				57B2F557260765B600CA9233 /* ViewModel */,
				57B2F5562607659D00CA9233 /* Model */,
				57B2F5552607658800CA9233 /* View */,
				57B2F544260764F400CA9233 /* Festival_des_jeuxApp.swift */,
				57B2F546260764F400CA9233 /* ContentView.swift */,
				7C8E21CC260C91C8004DCDE6 /* CarouselView.swift */,
				57B2F548260764F500CA9233 /* Assets.xcassets */,
				57B2F54D260764F500CA9233 /* Info.plist */,
				57B2F54A260764F500CA9233 /* Preview Content */,
			);
			path = Festival_des_jeux;
			sourceTree = "<group>";
		};
		57B2F54A260764F500CA9233 /* Preview Content */ = {
			isa = PBXGroup;
			children = (
				57B2F54B260764F500CA9233 /* Preview Assets.xcassets */,
			);
			path = "Preview Content";
			sourceTree = "<group>";
		};
		57B2F5552607658800CA9233 /* View */ = {
			isa = PBXGroup;
			children = (
				57D865ED260B7C92002C422C /* Optionnal view */,
				5774D8DD2607E72E00954FE2 /* Zone */,
				5774D8DC2607E72500954FE2 /* Editeur */,
				5774D8D42607DA8900954FE2 /* Menu */,
				5774D8C926079CDC00954FE2 /* festival */,
				57B2F5622607744F00CA9233 /* util */,
				57B2F55C26076FBD00CA9233 /* authentification */,
			);
			path = View;
			sourceTree = "<group>";
		};
		57B2F5562607659D00CA9233 /* Model */ = {
			isa = PBXGroup;
			children = (
				577500C12614B11200D94344 /* Editeur.swift */,
				571D843B2609E99C00EBA2A1 /* Festival.swift */,
				5774D8D92607E6BF00954FE2 /* Jeu.swift */,
				575581D42615C64200A2EC47 /* ListeJeuxEditeur.swift */,
				575581D12615C3AE00A2EC47 /* ListeJeuxFestival.swift */,
				575581CE2615B57E00A2EC47 /* ListeJeuxZone.swift */,
				57B2F55926076B8C00CA9233 /* User.swift */,
				577500BE2614ABB600D94344 /* Zone.swift */,
			);
			path = Model;
			sourceTree = "<group>";
		};
		57B2F557260765B600CA9233 /* ViewModel */ = {
			isa = PBXGroup;
			children = (
				571D84312609E8B200EBA2A1 /* editeur */,
				571D84302609E8A700EBA2A1 /* festival */,
				577500C7261518B200D94344 /* jeu */,
				571D84332609E8C200EBA2A1 /* menu */,
				571D84322609E8B900EBA2A1 /* zone */,
			);
			name = ViewModel;
			sourceTree = "<group>";
		};
		57B2F55C26076FBD00CA9233 /* authentification */ = {
			isa = PBXGroup;
			children = (
				57B2F55D26076FDF00CA9233 /* LoginView.swift */,
			);
			path = authentification;
			sourceTree = "<group>";
		};
		57B2F5602607712700CA9233 /* Intent */ = {
			isa = PBXGroup;
			children = (
				577500D026151DA700D94344 /* zone */,
				577500CF26151DA000D94344 /* editeur */,
				577500CE26151D9800D94344 /* festival */,
				7C2EAA9B261466B6007B7D5C /* SearchJeuxViewIntent.swift */,
			);
			path = Intent;
			sourceTree = "<group>";
		};
		57B2F5622607744F00CA9233 /* util */ = {
			isa = PBXGroup;
			children = (
				57B2F5632607746200CA9233 /* SearchBar.swift */,
			);
			path = util;
			sourceTree = "<group>";
		};
		57D865ED260B7C92002C422C /* Optionnal view */ = {
			isa = PBXGroup;
			children = (
				57D865EE260B7CA9002C422C /* MainView.swift */,
			);
			path = "Optionnal view";
			sourceTree = "<group>";
		};
		7C2EAA9F26147055007B7D5C /* Helper */ = {
			isa = PBXGroup;
			children = (
				7C2EAAA026147067007B7D5C /* InOutHelper.swift */,
				577500C42615168500D94344 /* LoadData.swift */,
			);
			path = Helper;
			sourceTree = "<group>";
		};
/* End PBXGroup section */

/* Begin PBXNativeTarget section */
		57B2F540260764F400CA9233 /* Festival_des_jeux */ = {
			isa = PBXNativeTarget;
			buildConfigurationList = 57B2F550260764F500CA9233 /* Build configuration list for PBXNativeTarget "Festival_des_jeux" */;
			buildPhases = (
				57B2F53D260764F400CA9233 /* Sources */,
				57B2F53E260764F400CA9233 /* Frameworks */,
				57B2F53F260764F400CA9233 /* Resources */,
			);
			buildRules = (
			);
			dependencies = (
			);
			name = Festival_des_jeux;
			productName = Festival_des_jeux;
			productReference = 57B2F541260764F400CA9233 /* Festival_des_jeux.app */;
			productType = "com.apple.product-type.application";
		};
/* End PBXNativeTarget section */

/* Begin PBXProject section */
		57B2F539260764F400CA9233 /* Project object */ = {
			isa = PBXProject;
			attributes = {
				LastSwiftUpdateCheck = 1220;
				LastUpgradeCheck = 1220;
				TargetAttributes = {
					57B2F540260764F400CA9233 = {
						CreatedOnToolsVersion = 12.2;
					};
				};
			};
			buildConfigurationList = 57B2F53C260764F400CA9233 /* Build configuration list for PBXProject "Festival_des_jeux" */;
			compatibilityVersion = "Xcode 9.3";
			developmentRegion = en;
			hasScannedForEncodings = 0;
			knownRegions = (
				en,
				Base,
			);
			mainGroup = 57B2F538260764F400CA9233;
			productRefGroup = 57B2F542260764F400CA9233 /* Products */;
			projectDirPath = "";
			projectRoot = "";
			targets = (
				57B2F540260764F400CA9233 /* Festival_des_jeux */,
			);
		};
/* End PBXProject section */

/* Begin PBXResourcesBuildPhase section */
		57B2F53F260764F400CA9233 /* Resources */ = {
			isa = PBXResourcesBuildPhase;
			buildActionMask = 2147483647;
			files = (
				57B2F54C260764F500CA9233 /* Preview Assets.xcassets in Resources */,
				57B2F549260764F500CA9233 /* Assets.xcassets in Resources */,
			);
			runOnlyForDeploymentPostprocessing = 0;
		};
/* End PBXResourcesBuildPhase section */

/* Begin PBXSourcesBuildPhase section */
		57B2F53D260764F400CA9233 /* Sources */ = {
			isa = PBXSourcesBuildPhase;
			buildActionMask = 2147483647;
			files = (
				57B2F547260764F400CA9233 /* ContentView.swift in Sources */,
				571D84452609EC0500EBA2A1 /* ListeJeuxEditeurVM.swift in Sources */,
				57B2F545260764F400CA9233 /* Festival_des_jeuxApp.swift in Sources */,
				5774D8CF2607DA6100954FE2 /* ListeJeuxEditeurView.swift in Sources */,
				575581DB2615E08600A2EC47 /* ListeJeuxFestivalIntent.swift in Sources */,
				575581D52615C64200A2EC47 /* ListeJeuxEditeur.swift in Sources */,
				57B2F5642607746200CA9233 /* SearchBar.swift in Sources */,
				5774D8DF2607E75700954FE2 /* DetailsJeuFestivalView.swift in Sources */,
				575581C926159EFE00A2EC47 /* ZoneVM.swift in Sources */,
				575581CF2615B57E00A2EC47 /* ListeJeuxZone.swift in Sources */,
				5774D8DA2607E6BF00954FE2 /* Jeu.swift in Sources */,
				57D865EF260B7CA9002C422C /* MainView.swift in Sources */,
				5774D8CC2607DA4400954FE2 /* ListeJeuxFestivalView.swift in Sources */,
				57B2F55E26076FDF00CA9233 /* LoginView.swift in Sources */,
				571D843C2609E99C00EBA2A1 /* Festival.swift in Sources */,
				577500D226151DC300D94344 /* ListeJeuxZoneIntent.swift in Sources */,
				571D84422609EBF200EBA2A1 /* DetailsJeuZoneVM.swift in Sources */,
				57B2F55A26076B8C00CA9233 /* User.swift in Sources */,
				575581E82616497100A2EC47 /* ListeJeuxEditeurIntent.swift in Sources */,
				5774D8D62607DAA100954FE2 /* FestivalInformationsMenu.swift in Sources */,
				571D84392609E92100EBA2A1 /* FestivalInformationsMenuVM.swift in Sources */,
				577500C52615168500D94344 /* LoadData.swift in Sources */,
				571D844E2609EC3F00EBA2A1 /* DetailsJeuFestivalVM.swift in Sources */,
				575581F0261654CB00A2EC47 /* ListeEditeurView.swift in Sources */,
				577500CC26151A3A00D94344 /* EditeurVM.swift in Sources */,
				577500C9261518C800D94344 /* JeuVM.swift in Sources */,
				7C2EAAA126147067007B7D5C /* InOutHelper.swift in Sources */,
				575581E42616254400A2EC47 /* FestivalIntent.swift in Sources */,
				571D843F2609EBE100EBA2A1 /* ListeJeuxZoneVM.swift in Sources */,
				5774D8E32607E78100954FE2 /* DetailsJeuEditeurView.swift in Sources */,
				571D84482609EC1600EBA2A1 /* DetailsJeuEditeurVM.swift in Sources */,
				5774D8E62607E79100954FE2 /* DetailsJeuZoneView.swift in Sources */,
				575581D22615C3AE00A2EC47 /* ListeJeuxFestival.swift in Sources */,
				7C2EAA9C261466B6007B7D5C /* SearchJeuxViewIntent.swift in Sources */,
				571D844B2609EC3000EBA2A1 /* ListeJeuxFestivalVM.swift in Sources */,
				575581CC2615B0C600A2EC47 /* FestivalVM.swift in Sources */,
				5774D8D22607DA7400954FE2 /* ListeJeuxZoneView.swift in Sources */,
				577500C22614B11200D94344 /* Editeur.swift in Sources */,
				7C8E21CD260C91C8004DCDE6 /* CarouselView.swift in Sources */,
				577500BF2614ABB600D94344 /* Zone.swift in Sources */,
			);
			runOnlyForDeploymentPostprocessing = 0;
		};
/* End PBXSourcesBuildPhase section */

/* Begin XCBuildConfiguration section */
		57B2F54E260764F500CA9233 /* Debug */ = {
			isa = XCBuildConfiguration;
			buildSettings = {
				ALWAYS_SEARCH_USER_PATHS = NO;
				CLANG_ANALYZER_NONNULL = YES;
				CLANG_ANALYZER_NUMBER_OBJECT_CONVERSION = YES_AGGRESSIVE;
				CLANG_CXX_LANGUAGE_STANDARD = "gnu++14";
				CLANG_CXX_LIBRARY = "libc++";
				CLANG_ENABLE_MODULES = YES;
				CLANG_ENABLE_OBJC_ARC = YES;
				CLANG_ENABLE_OBJC_WEAK = YES;
				CLANG_WARN_BLOCK_CAPTURE_AUTORELEASING = YES;
				CLANG_WARN_BOOL_CONVERSION = YES;
				CLANG_WARN_COMMA = YES;
				CLANG_WARN_CONSTANT_CONVERSION = YES;
				CLANG_WARN_DEPRECATED_OBJC_IMPLEMENTATIONS = YES;
				CLANG_WARN_DIRECT_OBJC_ISA_USAGE = YES_ERROR;
				CLANG_WARN_DOCUMENTATION_COMMENTS = YES;
				CLANG_WARN_EMPTY_BODY = YES;
				CLANG_WARN_ENUM_CONVERSION = YES;
				CLANG_WARN_INFINITE_RECURSION = YES;
				CLANG_WARN_INT_CONVERSION = YES;
				CLANG_WARN_NON_LITERAL_NULL_CONVERSION = YES;
				CLANG_WARN_OBJC_IMPLICIT_RETAIN_SELF = YES;
				CLANG_WARN_OBJC_LITERAL_CONVERSION = YES;
				CLANG_WARN_OBJC_ROOT_CLASS = YES_ERROR;
				CLANG_WARN_QUOTED_INCLUDE_IN_FRAMEWORK_HEADER = YES;
				CLANG_WARN_RANGE_LOOP_ANALYSIS = YES;
				CLANG_WARN_STRICT_PROTOTYPES = YES;
				CLANG_WARN_SUSPICIOUS_MOVE = YES;
				CLANG_WARN_UNGUARDED_AVAILABILITY = YES_AGGRESSIVE;
				CLANG_WARN_UNREACHABLE_CODE = YES;
				CLANG_WARN__DUPLICATE_METHOD_MATCH = YES;
				COPY_PHASE_STRIP = NO;
				DEBUG_INFORMATION_FORMAT = dwarf;
				ENABLE_STRICT_OBJC_MSGSEND = YES;
				ENABLE_TESTABILITY = YES;
				GCC_C_LANGUAGE_STANDARD = gnu11;
				GCC_DYNAMIC_NO_PIC = NO;
				GCC_NO_COMMON_BLOCKS = YES;
				GCC_OPTIMIZATION_LEVEL = 0;
				GCC_PREPROCESSOR_DEFINITIONS = (
					"DEBUG=1",
					"$(inherited)",
				);
				GCC_WARN_64_TO_32_BIT_CONVERSION = YES;
				GCC_WARN_ABOUT_RETURN_TYPE = YES_ERROR;
				GCC_WARN_UNDECLARED_SELECTOR = YES;
				GCC_WARN_UNINITIALIZED_AUTOS = YES_AGGRESSIVE;
				GCC_WARN_UNUSED_FUNCTION = YES;
				GCC_WARN_UNUSED_VARIABLE = YES;
				IPHONEOS_DEPLOYMENT_TARGET = 14.2;
				MTL_ENABLE_DEBUG_INFO = INCLUDE_SOURCE;
				MTL_FAST_MATH = YES;
				ONLY_ACTIVE_ARCH = YES;
				SDKROOT = iphoneos;
				SWIFT_ACTIVE_COMPILATION_CONDITIONS = DEBUG;
				SWIFT_OPTIMIZATION_LEVEL = "-Onone";
			};
			name = Debug;
		};
		57B2F54F260764F500CA9233 /* Release */ = {
			isa = XCBuildConfiguration;
			buildSettings = {
				ALWAYS_SEARCH_USER_PATHS = NO;
				CLANG_ANALYZER_NONNULL = YES;
				CLANG_ANALYZER_NUMBER_OBJECT_CONVERSION = YES_AGGRESSIVE;
				CLANG_CXX_LANGUAGE_STANDARD = "gnu++14";
				CLANG_CXX_LIBRARY = "libc++";
				CLANG_ENABLE_MODULES = YES;
				CLANG_ENABLE_OBJC_ARC = YES;
				CLANG_ENABLE_OBJC_WEAK = YES;
				CLANG_WARN_BLOCK_CAPTURE_AUTORELEASING = YES;
				CLANG_WARN_BOOL_CONVERSION = YES;
				CLANG_WARN_COMMA = YES;
				CLANG_WARN_CONSTANT_CONVERSION = YES;
				CLANG_WARN_DEPRECATED_OBJC_IMPLEMENTATIONS = YES;
				CLANG_WARN_DIRECT_OBJC_ISA_USAGE = YES_ERROR;
				CLANG_WARN_DOCUMENTATION_COMMENTS = YES;
				CLANG_WARN_EMPTY_BODY = YES;
				CLANG_WARN_ENUM_CONVERSION = YES;
				CLANG_WARN_INFINITE_RECURSION = YES;
				CLANG_WARN_INT_CONVERSION = YES;
				CLANG_WARN_NON_LITERAL_NULL_CONVERSION = YES;
				CLANG_WARN_OBJC_IMPLICIT_RETAIN_SELF = YES;
				CLANG_WARN_OBJC_LITERAL_CONVERSION = YES;
				CLANG_WARN_OBJC_ROOT_CLASS = YES_ERROR;
				CLANG_WARN_QUOTED_INCLUDE_IN_FRAMEWORK_HEADER = YES;
				CLANG_WARN_RANGE_LOOP_ANALYSIS = YES;
				CLANG_WARN_STRICT_PROTOTYPES = YES;
				CLANG_WARN_SUSPICIOUS_MOVE = YES;
				CLANG_WARN_UNGUARDED_AVAILABILITY = YES_AGGRESSIVE;
				CLANG_WARN_UNREACHABLE_CODE = YES;
				CLANG_WARN__DUPLICATE_METHOD_MATCH = YES;
				COPY_PHASE_STRIP = NO;
				DEBUG_INFORMATION_FORMAT = "dwarf-with-dsym";
				ENABLE_NS_ASSERTIONS = NO;
				ENABLE_STRICT_OBJC_MSGSEND = YES;
				GCC_C_LANGUAGE_STANDARD = gnu11;
				GCC_NO_COMMON_BLOCKS = YES;
				GCC_WARN_64_TO_32_BIT_CONVERSION = YES;
				GCC_WARN_ABOUT_RETURN_TYPE = YES_ERROR;
				GCC_WARN_UNDECLARED_SELECTOR = YES;
				GCC_WARN_UNINITIALIZED_AUTOS = YES_AGGRESSIVE;
				GCC_WARN_UNUSED_FUNCTION = YES;
				GCC_WARN_UNUSED_VARIABLE = YES;
				IPHONEOS_DEPLOYMENT_TARGET = 14.2;
				MTL_ENABLE_DEBUG_INFO = NO;
				MTL_FAST_MATH = YES;
				SDKROOT = iphoneos;
				SWIFT_COMPILATION_MODE = wholemodule;
				SWIFT_OPTIMIZATION_LEVEL = "-O";
				VALIDATE_PRODUCT = YES;
			};
			name = Release;
		};
		57B2F551260764F500CA9233 /* Debug */ = {
			isa = XCBuildConfiguration;
			buildSettings = {
				ASSETCATALOG_COMPILER_APPICON_NAME = AppIcon;
				ASSETCATALOG_COMPILER_GLOBAL_ACCENT_COLOR_NAME = AccentColor;
				CODE_SIGN_STYLE = Automatic;
				DEVELOPMENT_ASSET_PATHS = "\"Festival_des_jeux/Preview Content\"";
				DEVELOPMENT_TEAM = PT598M3YN3;
				ENABLE_PREVIEWS = YES;
				INFOPLIST_FILE = Festival_des_jeux/Info.plist;
				IPHONEOS_DEPLOYMENT_TARGET = 14.0;
				LD_RUNPATH_SEARCH_PATHS = (
					"$(inherited)",
					"@executable_path/Frameworks",
				);
				PRODUCT_BUNDLE_IDENTIFIER = "ig4.polytech.com.Festival-des-jeux";
				PRODUCT_NAME = "$(TARGET_NAME)";
				SWIFT_VERSION = 5.0;
				TARGETED_DEVICE_FAMILY = "1,2";
			};
			name = Debug;
		};
		57B2F552260764F500CA9233 /* Release */ = {
			isa = XCBuildConfiguration;
			buildSettings = {
				ASSETCATALOG_COMPILER_APPICON_NAME = AppIcon;
				ASSETCATALOG_COMPILER_GLOBAL_ACCENT_COLOR_NAME = AccentColor;
				CODE_SIGN_STYLE = Automatic;
				DEVELOPMENT_ASSET_PATHS = "\"Festival_des_jeux/Preview Content\"";
				DEVELOPMENT_TEAM = PT598M3YN3;
				ENABLE_PREVIEWS = YES;
				INFOPLIST_FILE = Festival_des_jeux/Info.plist;
				IPHONEOS_DEPLOYMENT_TARGET = 14.0;
				LD_RUNPATH_SEARCH_PATHS = (
					"$(inherited)",
					"@executable_path/Frameworks",
				);
				PRODUCT_BUNDLE_IDENTIFIER = "ig4.polytech.com.Festival-des-jeux";
				PRODUCT_NAME = "$(TARGET_NAME)";
				SWIFT_VERSION = 5.0;
				TARGETED_DEVICE_FAMILY = "1,2";
			};
			name = Release;
		};
/* End XCBuildConfiguration section */

/* Begin XCConfigurationList section */
		57B2F53C260764F400CA9233 /* Build configuration list for PBXProject "Festival_des_jeux" */ = {
			isa = XCConfigurationList;
			buildConfigurations = (
				57B2F54E260764F500CA9233 /* Debug */,
				57B2F54F260764F500CA9233 /* Release */,
			);
			defaultConfigurationIsVisible = 0;
			defaultConfigurationName = Release;
		};
		57B2F550260764F500CA9233 /* Build configuration list for PBXNativeTarget "Festival_des_jeux" */ = {
			isa = XCConfigurationList;
			buildConfigurations = (
				57B2F551260764F500CA9233 /* Debug */,
				57B2F552260764F500CA9233 /* Release */,
			);
			defaultConfigurationIsVisible = 0;
			defaultConfigurationName = Release;
		};
/* End XCConfigurationList section */
	};
	rootObject = 57B2F539260764F400CA9233 /* Project object */;
}
